PODS:
  - Alamofire (4.3.0)
  - AlamofireObjectMapper (4.1.0):
    - Alamofire (~> 4.1)
    - ObjectMapper (~> 2.0)
  - MBProgressHUD (1.0.0)
  - ObjectMapper (2.2.3)
  - SDWebImage (4.0.0):
    - SDWebImage/Core (= 4.0.0)
  - SDWebImage/Core (4.0.0)

DEPENDENCIES:
  - Alamofire
  - AlamofireObjectMapper
  - MBProgressHUD
  - ObjectMapper
  - SDWebImage

SPEC CHECKSUMS:
  Alamofire: 856a113053a7bc9cbe5d6367a555d773fc5cfef7
  AlamofireObjectMapper: 435adc82f5b367679bd9e71c4974a54efd0b2521
  MBProgressHUD: 4890f671c94e8a0f3cf959aa731e9de2f036d71a
  ObjectMapper: d3b3de11267f5d971f390eb8d63dd509116a4329
  SDWebImage: 76a6348bdc74eb5a55dd08a091ef298e56b55e41

PODFILE CHECKSUM: 28e22c6e48091cdf71afca3408e2a94cc39d94f8

COCOAPODS: 1.1.1
