// !$*UTF8*$!
{
	archiveVersion = 1;
	classes = {
	};
	objectVersion = 46;
	objects = {

/* Begin PBXBuildFile section */
		065A87EA4D9B59899ACFBCC1 /* Pods_ChallengeTests.framework in Frameworks */ = {isa = PBXBuildFile; fileRef = AE4510113E59F89D48E420B8 /* Pods_ChallengeTests.framework */; };
		4670C4BD1D3F2900006F738F /* AppDelegate.swift in Sources */ = {isa = PBXBuildFile; fileRef = 4670C4BC1D3F2900006F738F /* AppDelegate.swift */; };
		4670C4C21D3F2900006F738F /* Main.storyboard in Resources */ = {isa = PBXBuildFile; fileRef = 4670C4C01D3F2900006F738F /* Main.storyboard */; };
		4670C4C41D3F2900006F738F /* Assets.xcassets in Resources */ = {isa = PBXBuildFile; fileRef = 4670C4C31D3F2900006F738F /* Assets.xcassets */; };
		4670C4C71D3F2900006F738F /* LaunchScreen.storyboard in Resources */ = {isa = PBXBuildFile; fileRef = 4670C4C51D3F2900006F738F /* LaunchScreen.storyboard */; };
		4670C4D21D3F2901006F738F /* ChallengeTests.swift in Sources */ = {isa = PBXBuildFile; fileRef = 4670C4D11D3F2901006F738F /* ChallengeTests.swift */; };
		4670C4DD1D3F2901006F738F /* ChallengeUITests.swift in Sources */ = {isa = PBXBuildFile; fileRef = 4670C4DC1D3F2901006F738F /* ChallengeUITests.swift */; };
		46B3E36B1D3FE56900796E3E /* HeaderCell.swift in Sources */ = {isa = PBXBuildFile; fileRef = 46B3E36A1D3FE56900796E3E /* HeaderCell.swift */; };
		46B3E36E1D400F6C00796E3E /* ProductDetailViewController.swift in Sources */ = {isa = PBXBuildFile; fileRef = 46B3E36D1D400F6C00796E3E /* ProductDetailViewController.swift */; };
		46B3E3741D403B0D00796E3E /* Product.swift in Sources */ = {isa = PBXBuildFile; fileRef = 46B3E3731D403B0D00796E3E /* Product.swift */; };
		46B3E3881D40914E00796E3E /* ProductCell.swift in Sources */ = {isa = PBXBuildFile; fileRef = 46B3E3871D40914E00796E3E /* ProductCell.swift */; };
		46B3E38A1D41641800796E3E /* RatingControl.swift in Sources */ = {isa = PBXBuildFile; fileRef = 46B3E3891D41641800796E3E /* RatingControl.swift */; };
		46B3E38D1D41679600796E3E /* emptyStar.png in Resources */ = {isa = PBXBuildFile; fileRef = 46B3E38C1D41679600796E3E /* emptyStar.png */; };
		46B3E38F1D41679E00796E3E /* filledStar.png in Resources */ = {isa = PBXBuildFile; fileRef = 46B3E38E1D41679E00796E3E /* filledStar.png */; };
		46B3E3911D4167AA00796E3E /* emptyHeart.png in Resources */ = {isa = PBXBuildFile; fileRef = 46B3E3901D4167AA00796E3E /* emptyHeart.png */; };
		46B3E3931D4167B000796E3E /* shareAction.png in Resources */ = {isa = PBXBuildFile; fileRef = 46B3E3921D4167B000796E3E /* shareAction.png */; };
		46B3E3971D41EE4700796E3E /* StringUtils.swift in Sources */ = {isa = PBXBuildFile; fileRef = 46B3E3961D41EE4700796E3E /* StringUtils.swift */; };
		46D961D01D3FD888009740F2 /* HomeViewController.swift in Sources */ = {isa = PBXBuildFile; fileRef = 46D961CF1D3FD888009740F2 /* HomeViewController.swift */; };
		591CB0F542419B4C936D36BA /* Pods_Challenge.framework in Frameworks */ = {isa = PBXBuildFile; fileRef = 02F311BF8C1813877FE47D8C /* Pods_Challenge.framework */; };
		AB18124AFDC24DD01B7A6911 /* Pods_ChallengeUITests.framework in Frameworks */ = {isa = PBXBuildFile; fileRef = 068E20E4AEEF0B0F5FFBABC7 /* Pods_ChallengeUITests.framework */; };
/* End PBXBuildFile section */

/* Begin PBXContainerItemProxy section */
		4670C4CE1D3F2901006F738F /* PBXContainerItemProxy */ = {
			isa = PBXContainerItemProxy;
			containerPortal = 4670C4B11D3F2900006F738F /* Project object */;
			proxyType = 1;
			remoteGlobalIDString = 4670C4B81D3F2900006F738F;
			remoteInfo = Challenge;
		};
		4670C4D91D3F2901006F738F /* PBXContainerItemProxy */ = {
			isa = PBXContainerItemProxy;
			containerPortal = 4670C4B11D3F2900006F738F /* Project object */;
			proxyType = 1;
			remoteGlobalIDString = 4670C4B81D3F2900006F738F;
			remoteInfo = Challenge;
		};
/* End PBXContainerItemProxy section */

/* Begin PBXFileReference section */
		02F311BF8C1813877FE47D8C /* Pods_Challenge.framework */ = {isa = PBXFileReference; explicitFileType = wrapper.framework; includeInIndex = 0; path = Pods_Challenge.framework; sourceTree = BUILT_PRODUCTS_DIR; };
		03809C132CD9DE52C4B07469 /* Pods-ChallengeTests.debug.xcconfig */ = {isa = PBXFileReference; includeInIndex = 1; lastKnownFileType = text.xcconfig; name = "Pods-ChallengeTests.debug.xcconfig"; path = "Pods/Target Support Files/Pods-ChallengeTests/Pods-ChallengeTests.debug.xcconfig"; sourceTree = "<group>"; };
		068E20E4AEEF0B0F5FFBABC7 /* Pods_ChallengeUITests.framework */ = {isa = PBXFileReference; explicitFileType = wrapper.framework; includeInIndex = 0; path = Pods_ChallengeUITests.framework; sourceTree = BUILT_PRODUCTS_DIR; };
		1755FB55B00173F3C9D78949 /* Pods-ChallengeTests.release.xcconfig */ = {isa = PBXFileReference; includeInIndex = 1; lastKnownFileType = text.xcconfig; name = "Pods-ChallengeTests.release.xcconfig"; path = "Pods/Target Support Files/Pods-ChallengeTests/Pods-ChallengeTests.release.xcconfig"; sourceTree = "<group>"; };
		33A0CFBE406B2457629DDEAB /* Pods-Challenge.debug.xcconfig */ = {isa = PBXFileReference; includeInIndex = 1; lastKnownFileType = text.xcconfig; name = "Pods-Challenge.debug.xcconfig"; path = "Pods/Target Support Files/Pods-Challenge/Pods-Challenge.debug.xcconfig"; sourceTree = "<group>"; };
		4670C4B91D3F2900006F738F /* Challenge.app */ = {isa = PBXFileReference; explicitFileType = wrapper.application; includeInIndex = 0; path = Challenge.app; sourceTree = BUILT_PRODUCTS_DIR; };
		4670C4BC1D3F2900006F738F /* AppDelegate.swift */ = {isa = PBXFileReference; lastKnownFileType = sourcecode.swift; path = AppDelegate.swift; sourceTree = "<group>"; };
		4670C4C11D3F2900006F738F /* Base */ = {isa = PBXFileReference; lastKnownFileType = file.storyboard; name = Base; path = Base.lproj/Main.storyboard; sourceTree = "<group>"; };
		4670C4C31D3F2900006F738F /* Assets.xcassets */ = {isa = PBXFileReference; lastKnownFileType = folder.assetcatalog; path = Assets.xcassets; sourceTree = "<group>"; };
		4670C4C61D3F2900006F738F /* Base */ = {isa = PBXFileReference; lastKnownFileType = file.storyboard; name = Base; path = Base.lproj/LaunchScreen.storyboard; sourceTree = "<group>"; };
		4670C4C81D3F2900006F738F /* Info.plist */ = {isa = PBXFileReference; lastKnownFileType = text.plist.xml; path = Info.plist; sourceTree = "<group>"; };
		4670C4CD1D3F2901006F738F /* ChallengeTests.xctest */ = {isa = PBXFileReference; explicitFileType = wrapper.cfbundle; includeInIndex = 0; path = ChallengeTests.xctest; sourceTree = BUILT_PRODUCTS_DIR; };
		4670C4D11D3F2901006F738F /* ChallengeTests.swift */ = {isa = PBXFileReference; lastKnownFileType = sourcecode.swift; path = ChallengeTests.swift; sourceTree = "<group>"; };
		4670C4D31D3F2901006F738F /* Info.plist */ = {isa = PBXFileReference; lastKnownFileType = text.plist.xml; path = Info.plist; sourceTree = "<group>"; };
		4670C4D81D3F2901006F738F /* ChallengeUITests.xctest */ = {isa = PBXFileReference; explicitFileType = wrapper.cfbundle; includeInIndex = 0; path = ChallengeUITests.xctest; sourceTree = BUILT_PRODUCTS_DIR; };
		4670C4DC1D3F2901006F738F /* ChallengeUITests.swift */ = {isa = PBXFileReference; lastKnownFileType = sourcecode.swift; path = ChallengeUITests.swift; sourceTree = "<group>"; };
		4670C4DE1D3F2901006F738F /* Info.plist */ = {isa = PBXFileReference; lastKnownFileType = text.plist.xml; path = Info.plist; sourceTree = "<group>"; };
		46B3E36A1D3FE56900796E3E /* HeaderCell.swift */ = {isa = PBXFileReference; fileEncoding = 4; lastKnownFileType = sourcecode.swift; path = HeaderCell.swift; sourceTree = "<group>"; };
		46B3E36D1D400F6C00796E3E /* ProductDetailViewController.swift */ = {isa = PBXFileReference; fileEncoding = 4; lastKnownFileType = sourcecode.swift; path = ProductDetailViewController.swift; sourceTree = "<group>"; };
		46B3E3731D403B0D00796E3E /* Product.swift */ = {isa = PBXFileReference; fileEncoding = 4; lastKnownFileType = sourcecode.swift; path = Product.swift; sourceTree = "<group>"; };
		46B3E3871D40914E00796E3E /* ProductCell.swift */ = {isa = PBXFileReference; fileEncoding = 4; lastKnownFileType = sourcecode.swift; path = ProductCell.swift; sourceTree = "<group>"; };
		46B3E3891D41641800796E3E /* RatingControl.swift */ = {isa = PBXFileReference; fileEncoding = 4; lastKnownFileType = sourcecode.swift; path = RatingControl.swift; sourceTree = "<group>"; };
		46B3E38C1D41679600796E3E /* emptyStar.png */ = {isa = PBXFileReference; lastKnownFileType = image.png; path = emptyStar.png; sourceTree = "<group>"; };
		46B3E38E1D41679E00796E3E /* filledStar.png */ = {isa = PBXFileReference; lastKnownFileType = image.png; path = filledStar.png; sourceTree = "<group>"; };
		46B3E3901D4167AA00796E3E /* emptyHeart.png */ = {isa = PBXFileReference; lastKnownFileType = image.png; path = emptyHeart.png; sourceTree = "<group>"; };
		46B3E3921D4167B000796E3E /* shareAction.png */ = {isa = PBXFileReference; lastKnownFileType = image.png; path = shareAction.png; sourceTree = "<group>"; };
		46B3E3961D41EE4700796E3E /* StringUtils.swift */ = {isa = PBXFileReference; fileEncoding = 4; lastKnownFileType = sourcecode.swift; path = StringUtils.swift; sourceTree = "<group>"; };
		46D961CF1D3FD888009740F2 /* HomeViewController.swift */ = {isa = PBXFileReference; fileEncoding = 4; lastKnownFileType = sourcecode.swift; path = HomeViewController.swift; sourceTree = "<group>"; };
		79DED417C1D67DDC103FAED5 /* Pods-ChallengeUITests.debug.xcconfig */ = {isa = PBXFileReference; includeInIndex = 1; lastKnownFileType = text.xcconfig; name = "Pods-ChallengeUITests.debug.xcconfig"; path = "Pods/Target Support Files/Pods-ChallengeUITests/Pods-ChallengeUITests.debug.xcconfig"; sourceTree = "<group>"; };
		7E4CFD7B4DA73EA08A720B38 /* Pods-Challenge.release.xcconfig */ = {isa = PBXFileReference; includeInIndex = 1; lastKnownFileType = text.xcconfig; name = "Pods-Challenge.release.xcconfig"; path = "Pods/Target Support Files/Pods-Challenge/Pods-Challenge.release.xcconfig"; sourceTree = "<group>"; };
		A0E00CD059B91D352BE37930 /* Pods-ChallengeUITests.release.xcconfig */ = {isa = PBXFileReference; includeInIndex = 1; lastKnownFileType = text.xcconfig; name = "Pods-ChallengeUITests.release.xcconfig"; path = "Pods/Target Support Files/Pods-ChallengeUITests/Pods-ChallengeUITests.release.xcconfig"; sourceTree = "<group>"; };
		AE4510113E59F89D48E420B8 /* Pods_ChallengeTests.framework */ = {isa = PBXFileReference; explicitFileType = wrapper.framework; includeInIndex = 0; path = Pods_ChallengeTests.framework; sourceTree = BUILT_PRODUCTS_DIR; };
/* End PBXFileReference section */

/* Begin PBXFrameworksBuildPhase section */
		4670C4B61D3F2900006F738F /* Frameworks */ = {
			isa = PBXFrameworksBuildPhase;
			buildActionMask = 2147483647;
			files = (
				591CB0F542419B4C936D36BA /* Pods_Challenge.framework in Frameworks */,
			);
			runOnlyForDeploymentPostprocessing = 0;
		};
		4670C4CA1D3F2901006F738F /* Frameworks */ = {
			isa = PBXFrameworksBuildPhase;
			buildActionMask = 2147483647;
			files = (
				065A87EA4D9B59899ACFBCC1 /* Pods_ChallengeTests.framework in Frameworks */,
			);
			runOnlyForDeploymentPostprocessing = 0;
		};
		4670C4D51D3F2901006F738F /* Frameworks */ = {
			isa = PBXFrameworksBuildPhase;
			buildActionMask = 2147483647;
			files = (
				AB18124AFDC24DD01B7A6911 /* Pods_ChallengeUITests.framework in Frameworks */,
			);
			runOnlyForDeploymentPostprocessing = 0;
		};
/* End PBXFrameworksBuildPhase section */

/* Begin PBXGroup section */
		1E61D6F613E4E5018598BDAA /* Frameworks */ = {
			isa = PBXGroup;
			children = (
				02F311BF8C1813877FE47D8C /* Pods_Challenge.framework */,
				AE4510113E59F89D48E420B8 /* Pods_ChallengeTests.framework */,
				068E20E4AEEF0B0F5FFBABC7 /* Pods_ChallengeUITests.framework */,
			);
			name = Frameworks;
			sourceTree = "<group>";
		};
		4670C4B01D3F2900006F738F = {
			isa = PBXGroup;
			children = (
				4670C4BB1D3F2900006F738F /* Challenge */,
				4670C4D01D3F2901006F738F /* ChallengeTests */,
				4670C4DB1D3F2901006F738F /* ChallengeUITests */,
				4670C4BA1D3F2900006F738F /* Products */,
				629251774BCC51AB3B214A9E /* Pods */,
				1E61D6F613E4E5018598BDAA /* Frameworks */,
			);
			sourceTree = "<group>";
		};
		4670C4BA1D3F2900006F738F /* Products */ = {
			isa = PBXGroup;
			children = (
				4670C4B91D3F2900006F738F /* Challenge.app */,
				4670C4CD1D3F2901006F738F /* ChallengeTests.xctest */,
				4670C4D81D3F2901006F738F /* ChallengeUITests.xctest */,
			);
			name = Products;
			sourceTree = "<group>";
		};
		4670C4BB1D3F2900006F738F /* Challenge */ = {
			isa = PBXGroup;
			children = (
				46B3E36F1D40150900796E3E /* Models */,
				46B3E3691D3FE51F00796E3E /* Views */,
				46D961CE1D3FD82C009740F2 /* Controllers */,
				46B3E38B1D41677F00796E3E /* Images */,
				4670C4BC1D3F2900006F738F /* AppDelegate.swift */,
				46B3E3961D41EE4700796E3E /* StringUtils.swift */,
				4670C4C01D3F2900006F738F /* Main.storyboard */,
				4670C4C31D3F2900006F738F /* Assets.xcassets */,
				4670C4C51D3F2900006F738F /* LaunchScreen.storyboard */,
				4670C4C81D3F2900006F738F /* Info.plist */,
			);
			path = Challenge;
			sourceTree = "<group>";
		};
		4670C4D01D3F2901006F738F /* ChallengeTests */ = {
			isa = PBXGroup;
			children = (
				4670C4D11D3F2901006F738F /* ChallengeTests.swift */,
				4670C4D31D3F2901006F738F /* Info.plist */,
			);
			path = ChallengeTests;
			sourceTree = "<group>";
		};
		4670C4DB1D3F2901006F738F /* ChallengeUITests */ = {
			isa = PBXGroup;
			children = (
				4670C4DC1D3F2901006F738F /* ChallengeUITests.swift */,
				4670C4DE1D3F2901006F738F /* Info.plist */,
			);
			path = ChallengeUITests;
			sourceTree = "<group>";
		};
		46B3E3691D3FE51F00796E3E /* Views */ = {
			isa = PBXGroup;
			children = (
				46B3E36A1D3FE56900796E3E /* HeaderCell.swift */,
				46B3E3871D40914E00796E3E /* ProductCell.swift */,
				46B3E3891D41641800796E3E /* RatingControl.swift */,
			);
			path = Views;
			sourceTree = "<group>";
		};
		46B3E36F1D40150900796E3E /* Models */ = {
			isa = PBXGroup;
			children = (
				46B3E3731D403B0D00796E3E /* Product.swift */,
			);
			path = Models;
			sourceTree = "<group>";
		};
		46B3E38B1D41677F00796E3E /* Images */ = {
			isa = PBXGroup;
			children = (
				46B3E38C1D41679600796E3E /* emptyStar.png */,
				46B3E38E1D41679E00796E3E /* filledStar.png */,
				46B3E3901D4167AA00796E3E /* emptyHeart.png */,
				46B3E3921D4167B000796E3E /* shareAction.png */,
			);
			path = Images;
			sourceTree = "<group>";
		};
		46D961CE1D3FD82C009740F2 /* Controllers */ = {
			isa = PBXGroup;
			children = (
				46D961CF1D3FD888009740F2 /* HomeViewController.swift */,
				46B3E36D1D400F6C00796E3E /* ProductDetailViewController.swift */,
			);
			path = Controllers;
			sourceTree = "<group>";
		};
		629251774BCC51AB3B214A9E /* Pods */ = {
			isa = PBXGroup;
			children = (
				33A0CFBE406B2457629DDEAB /* Pods-Challenge.debug.xcconfig */,
				7E4CFD7B4DA73EA08A720B38 /* Pods-Challenge.release.xcconfig */,
				03809C132CD9DE52C4B07469 /* Pods-ChallengeTests.debug.xcconfig */,
				1755FB55B00173F3C9D78949 /* Pods-ChallengeTests.release.xcconfig */,
				79DED417C1D67DDC103FAED5 /* Pods-ChallengeUITests.debug.xcconfig */,
				A0E00CD059B91D352BE37930 /* Pods-ChallengeUITests.release.xcconfig */,
			);
			name = Pods;
			sourceTree = "<group>";
		};
/* End PBXGroup section */

/* Begin PBXNativeTarget section */
		4670C4B81D3F2900006F738F /* Challenge */ = {
			isa = PBXNativeTarget;
			buildConfigurationList = 4670C4E11D3F2901006F738F /* Build configuration list for PBXNativeTarget "Challenge" */;
			buildPhases = (
				B89FA8FE6FB57C97767B7BED /* [CP] Check Pods Manifest.lock */,
				4670C4B51D3F2900006F738F /* Sources */,
				4670C4B61D3F2900006F738F /* Frameworks */,
				4670C4B71D3F2900006F738F /* Resources */,
				8888588D46F73C92FEA774D6 /* [CP] Embed Pods Frameworks */,
				4901CE1ED5AF119249653A88 /* [CP] Copy Pods Resources */,
			);
			buildRules = (
			);
			dependencies = (
			);
			name = Challenge;
			productName = Challenge;
			productReference = 4670C4B91D3F2900006F738F /* Challenge.app */;
			productType = "com.apple.product-type.application";
		};
		4670C4CC1D3F2901006F738F /* ChallengeTests */ = {
			isa = PBXNativeTarget;
			buildConfigurationList = 4670C4E41D3F2901006F738F /* Build configuration list for PBXNativeTarget "ChallengeTests" */;
			buildPhases = (
				3A815AC670048EBDD343EF2A /* [CP] Check Pods Manifest.lock */,
				4670C4C91D3F2901006F738F /* Sources */,
				4670C4CA1D3F2901006F738F /* Frameworks */,
				4670C4CB1D3F2901006F738F /* Resources */,
				03E4F159E9B2442274D124BF /* [CP] Embed Pods Frameworks */,
				F9D23B4DAE86AA7047C4C12E /* [CP] Copy Pods Resources */,
			);
			buildRules = (
			);
			dependencies = (
				4670C4CF1D3F2901006F738F /* PBXTargetDependency */,
			);
			name = ChallengeTests;
			productName = ChallengeTests;
			productReference = 4670C4CD1D3F2901006F738F /* ChallengeTests.xctest */;
			productType = "com.apple.product-type.bundle.unit-test";
		};
		4670C4D71D3F2901006F738F /* ChallengeUITests */ = {
			isa = PBXNativeTarget;
			buildConfigurationList = 4670C4E71D3F2901006F738F /* Build configuration list for PBXNativeTarget "ChallengeUITests" */;
			buildPhases = (
				A30253E71BABA1E0D78E75E0 /* [CP] Check Pods Manifest.lock */,
				4670C4D41D3F2901006F738F /* Sources */,
				4670C4D51D3F2901006F738F /* Frameworks */,
				4670C4D61D3F2901006F738F /* Resources */,
				46EF141B033C9C0F0532586B /* [CP] Copy Pods Resources */,
				81AAA6F04A7D838C12E9D7A2 /* [CP] Embed Pods Frameworks */,
			);
			buildRules = (
			);
			dependencies = (
				4670C4DA1D3F2901006F738F /* PBXTargetDependency */,
			);
			name = ChallengeUITests;
			productName = ChallengeUITests;
			productReference = 4670C4D81D3F2901006F738F /* ChallengeUITests.xctest */;
			productType = "com.apple.product-type.bundle.ui-testing";
		};
/* End PBXNativeTarget section */

/* Begin PBXProject section */
		4670C4B11D3F2900006F738F /* Project object */ = {
			isa = PBXProject;
			attributes = {
				LastSwiftUpdateCheck = 0730;
				LastUpgradeCheck = 0820;
				ORGANIZATIONNAME = home;
				TargetAttributes = {
					4670C4B81D3F2900006F738F = {
						CreatedOnToolsVersion = 7.3.1;
						DevelopmentTeam = WAWNG4XA39;
						LastSwiftMigration = 0820;
					};
					4670C4CC1D3F2901006F738F = {
						CreatedOnToolsVersion = 7.3.1;
						DevelopmentTeam = 6L5AHG98J6;
						LastSwiftMigration = 0820;
						TestTargetID = 4670C4B81D3F2900006F738F;
					};
					4670C4D71D3F2901006F738F = {
						CreatedOnToolsVersion = 7.3.1;
						DevelopmentTeam = 6L5AHG98J6;
						LastSwiftMigration = 0820;
						TestTargetID = 4670C4B81D3F2900006F738F;
					};
				};
			};
			buildConfigurationList = 4670C4B41D3F2900006F738F /* Build configuration list for PBXProject "Challenge" */;
			compatibilityVersion = "Xcode 3.2";
			developmentRegion = English;
			hasScannedForEncodings = 0;
			knownRegions = (
				en,
				Base,
			);
			mainGroup = 4670C4B01D3F2900006F738F;
			productRefGroup = 4670C4BA1D3F2900006F738F /* Products */;
			projectDirPath = "";
			projectRoot = "";
			targets = (
				4670C4B81D3F2900006F738F /* Challenge */,
				4670C4CC1D3F2901006F738F /* ChallengeTests */,
				4670C4D71D3F2901006F738F /* ChallengeUITests */,
			);
		};
/* End PBXProject section */

/* Begin PBXResourcesBuildPhase section */
		4670C4B71D3F2900006F738F /* Resources */ = {
			isa = PBXResourcesBuildPhase;
			buildActionMask = 2147483647;
			files = (
				4670C4C71D3F2900006F738F /* LaunchScreen.storyboard in Resources */,
				46B3E3931D4167B000796E3E /* shareAction.png in Resources */,
				46B3E3911D4167AA00796E3E /* emptyHeart.png in Resources */,
				46B3E38D1D41679600796E3E /* emptyStar.png in Resources */,
				4670C4C41D3F2900006F738F /* Assets.xcassets in Resources */,
				4670C4C21D3F2900006F738F /* Main.storyboard in Resources */,
				46B3E38F1D41679E00796E3E /* filledStar.png in Resources */,
			);
			runOnlyForDeploymentPostprocessing = 0;
		};
		4670C4CB1D3F2901006F738F /* Resources */ = {
			isa = PBXResourcesBuildPhase;
			buildActionMask = 2147483647;
			files = (
			);
			runOnlyForDeploymentPostprocessing = 0;
		};
		4670C4D61D3F2901006F738F /* Resources */ = {
			isa = PBXResourcesBuildPhase;
			buildActionMask = 2147483647;
			files = (
			);
			runOnlyForDeploymentPostprocessing = 0;
		};
/* End PBXResourcesBuildPhase section */

/* Begin PBXShellScriptBuildPhase section */
		03E4F159E9B2442274D124BF /* [CP] Embed Pods Frameworks */ = {
			isa = PBXShellScriptBuildPhase;
			buildActionMask = 2147483647;
			files = (
			);
			inputPaths = (
			);
			name = "[CP] Embed Pods Frameworks";
			outputPaths = (
			);
			runOnlyForDeploymentPostprocessing = 0;
			shellPath = /bin/sh;
			shellScript = "\"${SRCROOT}/Pods/Target Support Files/Pods-ChallengeTests/Pods-ChallengeTests-frameworks.sh\"\n";
			showEnvVarsInLog = 0;
		};
		3A815AC670048EBDD343EF2A /* [CP] Check Pods Manifest.lock */ = {
			isa = PBXShellScriptBuildPhase;
			buildActionMask = 2147483647;
			files = (
			);
			inputPaths = (
			);
			name = "[CP] Check Pods Manifest.lock";
			outputPaths = (
			);
			runOnlyForDeploymentPostprocessing = 0;
			shellPath = /bin/sh;
			shellScript = "diff \"${PODS_ROOT}/../Podfile.lock\" \"${PODS_ROOT}/Manifest.lock\" > /dev/null\nif [ $? != 0 ] ; then\n    # print error to STDERR\n    echo \"error: The sandbox is not in sync with the Podfile.lock. Run 'pod install' or update your CocoaPods installation.\" >&2\n    exit 1\nfi\n";
			showEnvVarsInLog = 0;
		};
		46EF141B033C9C0F0532586B /* [CP] Copy Pods Resources */ = {
			isa = PBXShellScriptBuildPhase;
			buildActionMask = 2147483647;
			files = (
			);
			inputPaths = (
			);
			name = "[CP] Copy Pods Resources";
			outputPaths = (
			);
			runOnlyForDeploymentPostprocessing = 0;
			shellPath = /bin/sh;
			shellScript = "\"${SRCROOT}/Pods/Target Support Files/Pods-ChallengeUITests/Pods-ChallengeUITests-resources.sh\"\n";
			showEnvVarsInLog = 0;
		};
		4901CE1ED5AF119249653A88 /* [CP] Copy Pods Resources */ = {
			isa = PBXShellScriptBuildPhase;
			buildActionMask = 2147483647;
			files = (
			);
			inputPaths = (
			);
			name = "[CP] Copy Pods Resources";
			outputPaths = (
			);
			runOnlyForDeploymentPostprocessing = 0;
			shellPath = /bin/sh;
			shellScript = "\"${SRCROOT}/Pods/Target Support Files/Pods-Challenge/Pods-Challenge-resources.sh\"\n";
			showEnvVarsInLog = 0;
		};
		81AAA6F04A7D838C12E9D7A2 /* [CP] Embed Pods Frameworks */ = {
			isa = PBXShellScriptBuildPhase;
			buildActionMask = 2147483647;
			files = (
			);
			inputPaths = (
			);
			name = "[CP] Embed Pods Frameworks";
			outputPaths = (
			);
			runOnlyForDeploymentPostprocessing = 0;
			shellPath = /bin/sh;
			shellScript = "\"${SRCROOT}/Pods/Target Support Files/Pods-ChallengeUITests/Pods-ChallengeUITests-frameworks.sh\"\n";
			showEnvVarsInLog = 0;
		};
		8888588D46F73C92FEA774D6 /* [CP] Embed Pods Frameworks */ = {
			isa = PBXShellScriptBuildPhase;
			buildActionMask = 2147483647;
			files = (
			);
			inputPaths = (
			);
			name = "[CP] Embed Pods Frameworks";
			outputPaths = (
			);
			runOnlyForDeploymentPostprocessing = 0;
			shellPath = /bin/sh;
			shellScript = "\"${SRCROOT}/Pods/Target Support Files/Pods-Challenge/Pods-Challenge-frameworks.sh\"\n";
			showEnvVarsInLog = 0;
		};
		A30253E71BABA1E0D78E75E0 /* [CP] Check Pods Manifest.lock */ = {
			isa = PBXShellScriptBuildPhase;
			buildActionMask = 2147483647;
			files = (
			);
			inputPaths = (
			);
			name = "[CP] Check Pods Manifest.lock";
			outputPaths = (
			);
			runOnlyForDeploymentPostprocessing = 0;
			shellPath = /bin/sh;
			shellScript = "diff \"${PODS_ROOT}/../Podfile.lock\" \"${PODS_ROOT}/Manifest.lock\" > /dev/null\nif [ $? != 0 ] ; then\n    # print error to STDERR\n    echo \"error: The sandbox is not in sync with the Podfile.lock. Run 'pod install' or update your CocoaPods installation.\" >&2\n    exit 1\nfi\n";
			showEnvVarsInLog = 0;
		};
		B89FA8FE6FB57C97767B7BED /* [CP] Check Pods Manifest.lock */ = {
			isa = PBXShellScriptBuildPhase;
			buildActionMask = 2147483647;
			files = (
			);
			inputPaths = (
			);
			name = "[CP] Check Pods Manifest.lock";
			outputPaths = (
			);
			runOnlyForDeploymentPostprocessing = 0;
			shellPath = /bin/sh;
			shellScript = "diff \"${PODS_ROOT}/../Podfile.lock\" \"${PODS_ROOT}/Manifest.lock\" > /dev/null\nif [ $? != 0 ] ; then\n    # print error to STDERR\n    echo \"error: The sandbox is not in sync with the Podfile.lock. Run 'pod install' or update your CocoaPods installation.\" >&2\n    exit 1\nfi\n";
			showEnvVarsInLog = 0;
		};
		F9D23B4DAE86AA7047C4C12E /* [CP] Copy Pods Resources */ = {
			isa = PBXShellScriptBuildPhase;
			buildActionMask = 2147483647;
			files = (
			);
			inputPaths = (
			);
			name = "[CP] Copy Pods Resources";
			outputPaths = (
			);
			runOnlyForDeploymentPostprocessing = 0;
			shellPath = /bin/sh;
			shellScript = "\"${SRCROOT}/Pods/Target Support Files/Pods-ChallengeTests/Pods-ChallengeTests-resources.sh\"\n";
			showEnvVarsInLog = 0;
		};
/* End PBXShellScriptBuildPhase section */

/* Begin PBXSourcesBuildPhase section */
		4670C4B51D3F2900006F738F /* Sources */ = {
			isa = PBXSourcesBuildPhase;
			buildActionMask = 2147483647;
			files = (
				46B3E38A1D41641800796E3E /* RatingControl.swift in Sources */,
				4670C4BD1D3F2900006F738F /* AppDelegate.swift in Sources */,
				46B3E36E1D400F6C00796E3E /* ProductDetailViewController.swift in Sources */,
				46B3E3741D403B0D00796E3E /* Product.swift in Sources */,
				46B3E3971D41EE4700796E3E /* StringUtils.swift in Sources */,
				46B3E3881D40914E00796E3E /* ProductCell.swift in Sources */,
				46B3E36B1D3FE56900796E3E /* HeaderCell.swift in Sources */,
				46D961D01D3FD888009740F2 /* HomeViewController.swift in Sources */,
			);
			runOnlyForDeploymentPostprocessing = 0;
		};
		4670C4C91D3F2901006F738F /* Sources */ = {
			isa = PBXSourcesBuildPhase;
			buildActionMask = 2147483647;
			files = (
				4670C4D21D3F2901006F738F /* ChallengeTests.swift in Sources */,
			);
			runOnlyForDeploymentPostprocessing = 0;
		};
		4670C4D41D3F2901006F738F /* Sources */ = {
			isa = PBXSourcesBuildPhase;
			buildActionMask = 2147483647;
			files = (
				4670C4DD1D3F2901006F738F /* ChallengeUITests.swift in Sources */,
			);
			runOnlyForDeploymentPostprocessing = 0;
		};
/* End PBXSourcesBuildPhase section */

/* Begin PBXTargetDependency section */
		4670C4CF1D3F2901006F738F /* PBXTargetDependency */ = {
			isa = PBXTargetDependency;
			target = 4670C4B81D3F2900006F738F /* Challenge */;
			targetProxy = 4670C4CE1D3F2901006F738F /* PBXContainerItemProxy */;
		};
		4670C4DA1D3F2901006F738F /* PBXTargetDependency */ = {
			isa = PBXTargetDependency;
			target = 4670C4B81D3F2900006F738F /* Challenge */;
			targetProxy = 4670C4D91D3F2901006F738F /* PBXContainerItemProxy */;
		};
/* End PBXTargetDependency section */

/* Begin PBXVariantGroup section */
		4670C4C01D3F2900006F738F /* Main.storyboard */ = {
			isa = PBXVariantGroup;
			children = (
				4670C4C11D3F2900006F738F /* Base */,
			);
			name = Main.storyboard;
			sourceTree = "<group>";
		};
		4670C4C51D3F2900006F738F /* LaunchScreen.storyboard */ = {
			isa = PBXVariantGroup;
			children = (
				4670C4C61D3F2900006F738F /* Base */,
			);
			name = LaunchScreen.storyboard;
			sourceTree = "<group>";
		};
/* End PBXVariantGroup section */

/* Begin XCBuildConfiguration section */
		4670C4DF1D3F2901006F738F /* Debug */ = {
			isa = XCBuildConfiguration;
			buildSettings = {
				ALWAYS_SEARCH_USER_PATHS = NO;
				CLANG_ANALYZER_NONNULL = YES;
				CLANG_CXX_LANGUAGE_STANDARD = "gnu++0x";
				CLANG_CXX_LIBRARY = "libc++";
				CLANG_ENABLE_MODULES = YES;
				CLANG_ENABLE_OBJC_ARC = YES;
				CLANG_WARN_BOOL_CONVERSION = YES;
				CLANG_WARN_CONSTANT_CONVERSION = YES;
				CLANG_WARN_DIRECT_OBJC_ISA_USAGE = YES_ERROR;
				CLANG_WARN_EMPTY_BODY = YES;
				CLANG_WARN_ENUM_CONVERSION = YES;
				CLANG_WARN_INFINITE_RECURSION = YES;
				CLANG_WARN_INT_CONVERSION = YES;
				CLANG_WARN_OBJC_ROOT_CLASS = YES_ERROR;
				CLANG_WARN_SUSPICIOUS_MOVE = YES;
				CLANG_WARN_UNREACHABLE_CODE = YES;
				CLANG_WARN__DUPLICATE_METHOD_MATCH = YES;
				"CODE_SIGN_IDENTITY[sdk=iphoneos*]" = "iPhone Developer";
				COPY_PHASE_STRIP = NO;
				DEBUG_INFORMATION_FORMAT = dwarf;
				ENABLE_STRICT_OBJC_MSGSEND = YES;
				ENABLE_TESTABILITY = YES;
				GCC_C_LANGUAGE_STANDARD = gnu99;
				GCC_DYNAMIC_NO_PIC = NO;
				GCC_NO_COMMON_BLOCKS = YES;
				GCC_OPTIMIZATION_LEVEL = 0;
				GCC_PREPROCESSOR_DEFINITIONS = (
					"DEBUG=1",
					"$(inherited)",
				);
				GCC_WARN_64_TO_32_BIT_CONVERSION = YES;
				GCC_WARN_ABOUT_RETURN_TYPE = YES_ERROR;
				GCC_WARN_UNDECLARED_SELECTOR = YES;
				GCC_WARN_UNINITIALIZED_AUTOS = YES_AGGRESSIVE;
				GCC_WARN_UNUSED_FUNCTION = YES;
				GCC_WARN_UNUSED_VARIABLE = YES;
				IPHONEOS_DEPLOYMENT_TARGET = 9.3;
				MTL_ENABLE_DEBUG_INFO = YES;
				ONLY_ACTIVE_ARCH = YES;
				SDKROOT = iphoneos;
				SWIFT_OPTIMIZATION_LEVEL = "-Onone";
			};
			name = Debug;
		};
		4670C4E01D3F2901006F738F /* Release */ = {
			isa = XCBuildConfiguration;
			buildSettings = {
				ALWAYS_SEARCH_USER_PATHS = NO;
				CLANG_ANALYZER_NONNULL = YES;
				CLANG_CXX_LANGUAGE_STANDARD = "gnu++0x";
				CLANG_CXX_LIBRARY = "libc++";
				CLANG_ENABLE_MODULES = YES;
				CLANG_ENABLE_OBJC_ARC = YES;
				CLANG_WARN_BOOL_CONVERSION = YES;
				CLANG_WARN_CONSTANT_CONVERSION = YES;
				CLANG_WARN_DIRECT_OBJC_ISA_USAGE = YES_ERROR;
				CLANG_WARN_EMPTY_BODY = YES;
				CLANG_WARN_ENUM_CONVERSION = YES;
				CLANG_WARN_INFINITE_RECURSION = YES;
				CLANG_WARN_INT_CONVERSION = YES;
				CLANG_WARN_OBJC_ROOT_CLASS = YES_ERROR;
				CLANG_WARN_SUSPICIOUS_MOVE = YES;
				CLANG_WARN_UNREACHABLE_CODE = YES;
				CLANG_WARN__DUPLICATE_METHOD_MATCH = YES;
				"CODE_SIGN_IDENTITY[sdk=iphoneos*]" = "iPhone Developer";
				COPY_PHASE_STRIP = NO;
				DEBUG_INFORMATION_FORMAT = "dwarf-with-dsym";
				ENABLE_NS_ASSERTIONS = NO;
				ENABLE_STRICT_OBJC_MSGSEND = YES;
				GCC_C_LANGUAGE_STANDARD = gnu99;
				GCC_NO_COMMON_BLOCKS = YES;
				GCC_WARN_64_TO_32_BIT_CONVERSION = YES;
				GCC_WARN_ABOUT_RETURN_TYPE = YES_ERROR;
				GCC_WARN_UNDECLARED_SELECTOR = YES;
				GCC_WARN_UNINITIALIZED_AUTOS = YES_AGGRESSIVE;
				GCC_WARN_UNUSED_FUNCTION = YES;
				GCC_WARN_UNUSED_VARIABLE = YES;
				IPHONEOS_DEPLOYMENT_TARGET = 9.3;
				MTL_ENABLE_DEBUG_INFO = NO;
				SDKROOT = iphoneos;
				SWIFT_OPTIMIZATION_LEVEL = "-Owholemodule";
				VALIDATE_PRODUCT = YES;
			};
			name = Release;
		};
		4670C4E21D3F2901006F738F /* Debug */ = {
			isa = XCBuildConfiguration;
			baseConfigurationReference = 33A0CFBE406B2457629DDEAB /* Pods-Challenge.debug.xcconfig */;
			buildSettings = {
				ALWAYS_EMBED_SWIFT_STANDARD_LIBRARIES = YES;
				ASSETCATALOG_COMPILER_APPICON_NAME = AppIcon;
				CODE_SIGN_IDENTITY = "iPhone Developer";
				"CODE_SIGN_IDENTITY[sdk=iphoneos*]" = "iPhone Developer";
				INFOPLIST_FILE = Challenge/Info.plist;
				LD_RUNPATH_SEARCH_PATHS = "$(inherited) @executable_path/Frameworks";
				PRODUCT_BUNDLE_IDENTIFIER = com.home.Challenge;
				PRODUCT_NAME = "$(TARGET_NAME)";
				PROVISIONING_PROFILE = "";
				SWIFT_VERSION = 3.0;
			};
			name = Debug;
		};
		4670C4E31D3F2901006F738F /* Release */ = {
			isa = XCBuildConfiguration;
			baseConfigurationReference = 7E4CFD7B4DA73EA08A720B38 /* Pods-Challenge.release.xcconfig */;
			buildSettings = {
				ALWAYS_EMBED_SWIFT_STANDARD_LIBRARIES = YES;
				ASSETCATALOG_COMPILER_APPICON_NAME = AppIcon;
				CODE_SIGN_IDENTITY = "iPhone Developer";
				"CODE_SIGN_IDENTITY[sdk=iphoneos*]" = "iPhone Developer";
				INFOPLIST_FILE = Challenge/Info.plist;
				LD_RUNPATH_SEARCH_PATHS = "$(inherited) @executable_path/Frameworks";
				PRODUCT_BUNDLE_IDENTIFIER = com.home.Challenge;
				PRODUCT_NAME = "$(TARGET_NAME)";
				PROVISIONING_PROFILE = "";
				SWIFT_VERSION = 3.0;
			};
			name = Release;
		};
		4670C4E51D3F2901006F738F /* Debug */ = {
			isa = XCBuildConfiguration;
			baseConfigurationReference = 03809C132CD9DE52C4B07469 /* Pods-ChallengeTests.debug.xcconfig */;
			buildSettings = {
				BUNDLE_LOADER = "$(TEST_HOST)";
				INFOPLIST_FILE = ChallengeTests/Info.plist;
				LD_RUNPATH_SEARCH_PATHS = "$(inherited) @executable_path/Frameworks @loader_path/Frameworks";
				PRODUCT_BUNDLE_IDENTIFIER = com.home.ChallengeTests;
				PRODUCT_NAME = "$(TARGET_NAME)";
				SWIFT_VERSION = 3.0;
				TEST_HOST = "$(BUILT_PRODUCTS_DIR)/Challenge.app/Challenge";
			};
			name = Debug;
		};
		4670C4E61D3F2901006F738F /* Release */ = {
			isa = XCBuildConfiguration;
			baseConfigurationReference = 1755FB55B00173F3C9D78949 /* Pods-ChallengeTests.release.xcconfig */;
			buildSettings = {
				BUNDLE_LOADER = "$(TEST_HOST)";
				INFOPLIST_FILE = ChallengeTests/Info.plist;
				LD_RUNPATH_SEARCH_PATHS = "$(inherited) @executable_path/Frameworks @loader_path/Frameworks";
				PRODUCT_BUNDLE_IDENTIFIER = com.home.ChallengeTests;
				PRODUCT_NAME = "$(TARGET_NAME)";
				SWIFT_VERSION = 3.0;
				TEST_HOST = "$(BUILT_PRODUCTS_DIR)/Challenge.app/Challenge";
			};
			name = Release;
		};
		4670C4E81D3F2901006F738F /* Debug */ = {
			isa = XCBuildConfiguration;
			baseConfigurationReference = 79DED417C1D67DDC103FAED5 /* Pods-ChallengeUITests.debug.xcconfig */;
			buildSettings = {
				INFOPLIST_FILE = ChallengeUITests/Info.plist;
				LD_RUNPATH_SEARCH_PATHS = "$(inherited) @executable_path/Frameworks @loader_path/Frameworks";
				PRODUCT_BUNDLE_IDENTIFIER = com.home.ChallengeUITests;
				PRODUCT_NAME = "$(TARGET_NAME)";
				SWIFT_VERSION = 3.0;
				TEST_TARGET_NAME = Challenge;
			};
			name = Debug;
		};
		4670C4E91D3F2901006F738F /* Release */ = {
			isa = XCBuildConfiguration;
			baseConfigurationReference = A0E00CD059B91D352BE37930 /* Pods-ChallengeUITests.release.xcconfig */;
			buildSettings = {
				INFOPLIST_FILE = ChallengeUITests/Info.plist;
				LD_RUNPATH_SEARCH_PATHS = "$(inherited) @executable_path/Frameworks @loader_path/Frameworks";
				PRODUCT_BUNDLE_IDENTIFIER = com.home.ChallengeUITests;
				PRODUCT_NAME = "$(TARGET_NAME)";
				SWIFT_VERSION = 3.0;
				TEST_TARGET_NAME = Challenge;
			};
			name = Release;
		};
/* End XCBuildConfiguration section */

/* Begin XCConfigurationList section */
		4670C4B41D3F2900006F738F /* Build configuration list for PBXProject "Challenge" */ = {
			isa = XCConfigurationList;
			buildConfigurations = (
				4670C4DF1D3F2901006F738F /* Debug */,
				4670C4E01D3F2901006F738F /* Release */,
			);
			defaultConfigurationIsVisible = 0;
			defaultConfigurationName = Release;
		};
		4670C4E11D3F2901006F738F /* Build configuration list for PBXNativeTarget "Challenge" */ = {
			isa = XCConfigurationList;
			buildConfigurations = (
				4670C4E21D3F2901006F738F /* Debug */,
				4670C4E31D3F2901006F738F /* Release */,
			);
			defaultConfigurationIsVisible = 0;
			defaultConfigurationName = Release;
		};
		4670C4E41D3F2901006F738F /* Build configuration list for PBXNativeTarget "ChallengeTests" */ = {
			isa = XCConfigurationList;
			buildConfigurations = (
				4670C4E51D3F2901006F738F /* Debug */,
				4670C4E61D3F2901006F738F /* Release */,
			);
			defaultConfigurationIsVisible = 0;
			defaultConfigurationName = Release;
		};
		4670C4E71D3F2901006F738F /* Build configuration list for PBXNativeTarget "ChallengeUITests" */ = {
			isa = XCConfigurationList;
			buildConfigurations = (
				4670C4E81D3F2901006F738F /* Debug */,
				4670C4E91D3F2901006F738F /* Release */,
			);
			defaultConfigurationIsVisible = 0;
			defaultConfigurationName = Release;
		};
/* End XCConfigurationList section */
	};
	rootObject = 4670C4B11D3F2900006F738F /* Project object */;
}
